
Microsoft Visual Studio Solution File, Format Version 12.00
# Visual Studio Version 16
VisualStudioVersion = 16.0.30128.74
MinimumVisualStudioVersion = 10.0.40219.1
Project("{FAE04EC0-301F-11D3-BF4B-00C04F79EFBC}") = "AtosFramework", "AtosFramework\AtosFramework.csproj", "{DE1E06E4-62A6-4BEB-9C6C-2CA23A60C7B0}"
EndProject
Project("{9A19103F-16F7-4668-BE54-9A1E7A4F7556}") = "ModelAtosFramework", "ModelAtosFramework\ModelAtosFramework.csproj", "{C706888C-4E02-45ED-8223-195227A768B1}"
EndProject
Project("{9A19103F-16F7-4668-BE54-9A1E7A4F7556}") = "ServicesAtosFramework", "ServicesAtosFramework\ServicesAtosFramework.csproj", "{A2625011-F08B-4B40-A94C-420F2394D7A7}"
EndProject
Project("{FAE04EC0-301F-11D3-BF4B-00C04F79EFBC}") = "BDDAtosFramework", "BDDAtosFramework\BDDAtosFramework.csproj", "{F123BD41-4DF3-43F5-8764-04D4D4C39584}"
EndProject
Global
	GlobalSection(SolutionConfigurationPlatforms) = preSolution
		Debug|Any CPU = Debug|Any CPU
		Release|Any CPU = Release|Any CPU
	EndGlobalSection
	GlobalSection(ProjectConfigurationPlatforms) = postSolution
		{DE1E06E4-62A6-4BEB-9C6C-2CA23A60C7B0}.Debug|Any CPU.ActiveCfg = Debug|Any CPU
		{DE1E06E4-62A6-4BEB-9C6C-2CA23A60C7B0}.Debug|Any CPU.Build.0 = Debug|Any CPU
		{DE1E06E4-62A6-4BEB-9C6C-2CA23A60C7B0}.Release|Any CPU.ActiveCfg = Release|Any CPU
		{DE1E06E4-62A6-4BEB-9C6C-2CA23A60C7B0}.Release|Any CPU.Build.0 = Release|Any CPU
		{C706888C-4E02-45ED-8223-195227A768B1}.Debug|Any CPU.ActiveCfg = Debug|Any CPU
		{C706888C-4E02-45ED-8223-195227A768B1}.Debug|Any CPU.Build.0 = Debug|Any CPU
		{C706888C-4E02-45ED-8223-195227A768B1}.Release|Any CPU.ActiveCfg = Release|Any CPU
		{C706888C-4E02-45ED-8223-195227A768B1}.Release|Any CPU.Build.0 = Release|Any CPU
		{A2625011-F08B-4B40-A94C-420F2394D7A7}.Debug|Any CPU.ActiveCfg = Debug|Any CPU
		{A2625011-F08B-4B40-A94C-420F2394D7A7}.Debug|Any CPU.Build.0 = Debug|Any CPU
		{A2625011-F08B-4B40-A94C-420F2394D7A7}.Release|Any CPU.ActiveCfg = Release|Any CPU
		{A2625011-F08B-4B40-A94C-420F2394D7A7}.Release|Any CPU.Build.0 = Release|Any CPU
		{F123BD41-4DF3-43F5-8764-04D4D4C39584}.Debug|Any CPU.ActiveCfg = Debug|Any CPU
		{F123BD41-4DF3-43F5-8764-04D4D4C39584}.Debug|Any CPU.Build.0 = Debug|Any CPU
		{F123BD41-4DF3-43F5-8764-04D4D4C39584}.Release|Any CPU.ActiveCfg = Release|Any CPU
		{F123BD41-4DF3-43F5-8764-04D4D4C39584}.Release|Any CPU.Build.0 = Release|Any CPU
	EndGlobalSection
	GlobalSection(SolutionProperties) = preSolution
		HideSolutionNode = FALSE
	EndGlobalSection
	GlobalSection(ExtensibilityGlobals) = postSolution
		SolutionGuid = {95835C92-73F1-4777-BA5E-2F8958CBC16C}
	EndGlobalSection
EndGlobal
